
Microsoft Visual Studio Solution File, Format Version 12.00
# Visual Studio Version 17
VisualStudioVersion = 17.11.35312.102
MinimumVisualStudioVersion = 10.0.40219.1
Project("{FAE04EC0-301F-11D3-BF4B-00C04F79EFBC}") = "AlgorithmLab5", "AlgorithmLab5\AlgorithmLab5.csproj", "{EBC6DF76-B72F-4F3E-BA37-05F3017BDA10}"
EndProject
Global
	GlobalSection(SolutionConfigurationPlatforms) = preSolution
		Debug|Any CPU = Debug|Any CPU
		Release|Any CPU = Release|Any CPU
	EndGlobalSection
	GlobalSection(ProjectConfigurationPlatforms) = postSolution
		{EBC6DF76-B72F-4F3E-BA37-05F3017BDA10}.Debug|Any CPU.ActiveCfg = Debug|Any CPU
		{EBC6DF76-B72F-4F3E-BA37-05F3017BDA10}.Debug|Any CPU.Build.0 = Debug|Any CPU
		{EBC6DF76-B72F-4F3E-BA37-05F3017BDA10}.Release|Any CPU.ActiveCfg = Release|Any CPU
		{EBC6DF76-B72F-4F3E-BA37-05F3017BDA10}.Release|Any CPU.Build.0 = Release|Any CPU
	EndGlobalSection
	GlobalSection(SolutionProperties) = preSolution
		HideSolutionNode = FALSE
	EndGlobalSection
	GlobalSection(ExtensibilityGlobals) = postSolution
		SolutionGuid = {A9AC6122-B152-4311-A4E7-D9FC18D78F85}
	EndGlobalSection
EndGlobal
